// !$*UTF8*$!
{
	archiveVersion = 1;
	classes = {
	};
	objectVersion = 56;
	objects = {

/* Begin PBXBuildFile section */
		3CA0A7902A6AA89D00BDED97 /* Statistics.swift in Sources */ = {isa = PBXBuildFile; fileRef = 3CA0A78F2A6AA89D00BDED97 /* Statistics.swift */; };
		3CA0A7922A6AC1FD00BDED97 /* StatsView.swift in Sources */ = {isa = PBXBuildFile; fileRef = 3CA0A7912A6AC1FD00BDED97 /* StatsView.swift */; };
		3CB6131E2A67D96100A52E3C /* FlipView.swift in Sources */ = {isa = PBXBuildFile; fileRef = 3CB6131D2A67D96100A52E3C /* FlipView.swift */; };
		3CD087D82A667E1D00853E15 /* WordleApp.swift in Sources */ = {isa = PBXBuildFile; fileRef = 3CD087D72A667E1D00853E15 /* WordleApp.swift */; };
		3CD087DA2A667E1D00853E15 /* GameView.swift in Sources */ = {isa = PBXBuildFile; fileRef = 3CD087D92A667E1D00853E15 /* GameView.swift */; };
		3CD087DC2A667E2300853E15 /* Assets.xcassets in Resources */ = {isa = PBXBuildFile; fileRef = 3CD087DB2A667E2300853E15 /* Assets.xcassets */; };
		3CD087DF2A667E2300853E15 /* Preview Assets.xcassets in Resources */ = {isa = PBXBuildFile; fileRef = 3CD087DE2A667E2300853E15 /* Preview Assets.xcassets */; };
		3CD087E92A667E2300853E15 /* WordleTests.swift in Sources */ = {isa = PBXBuildFile; fileRef = 3CD087E82A667E2300853E15 /* WordleTests.swift */; };
		3CD087F32A667E2300853E15 /* WordleUITests.swift in Sources */ = {isa = PBXBuildFile; fileRef = 3CD087F22A667E2300853E15 /* WordleUITests.swift */; };
		3CD087F52A667E2300853E15 /* WordleUITestsLaunchTests.swift in Sources */ = {isa = PBXBuildFile; fileRef = 3CD087F42A667E2300853E15 /* WordleUITestsLaunchTests.swift */; };
		3CD088032A66810E00853E15 /* Color+Extension.swift in Sources */ = {isa = PBXBuildFile; fileRef = 3CD088022A66810E00853E15 /* Color+Extension.swift */; };
		3CD088062A66852300853E15 /* Guess.swift in Sources */ = {isa = PBXBuildFile; fileRef = 3CD088052A66852300853E15 /* Guess.swift */; };
		3CD088092A66866C00853E15 /* GuessView.swift in Sources */ = {isa = PBXBuildFile; fileRef = 3CD088082A66866C00853E15 /* GuessView.swift */; };
		3CD0880C2A668BE100853E15 /* WordleDataModel.swift in Sources */ = {isa = PBXBuildFile; fileRef = 3CD0880B2A668BE100853E15 /* WordleDataModel.swift */; };
		3CD0880E2A668F3900853E15 /* Global.swift in Sources */ = {isa = PBXBuildFile; fileRef = 3CD0880D2A668F3900853E15 /* Global.swift */; };
		3CD088102A66991700853E15 /* LetterButtonView.swift in Sources */ = {isa = PBXBuildFile; fileRef = 3CD0880F2A66991700853E15 /* LetterButtonView.swift */; };
		3CD088122A669AF800853E15 /* Keyboard.swift in Sources */ = {isa = PBXBuildFile; fileRef = 3CD088112A669AF800853E15 /* Keyboard.swift */; };
		3CD088152A66D01800853E15 /* Shake.swift in Sources */ = {isa = PBXBuildFile; fileRef = 3CD088142A66D01700853E15 /* Shake.swift */; };
		3CE1B5DC2A6E6E7D00D0EF06 /* ColorSchemeManager.swift in Sources */ = {isa = PBXBuildFile; fileRef = 3CE1B5DB2A6E6E7D00D0EF06 /* ColorSchemeManager.swift */; };
		3CE1B5DE2A6E71F600D0EF06 /* SettingView.swift in Sources */ = {isa = PBXBuildFile; fileRef = 3CE1B5DD2A6E71F600D0EF06 /* SettingView.swift */; };
		3CF872522A696896006B5BDF /* ToastView.swift in Sources */ = {isa = PBXBuildFile; fileRef = 3CF872512A696896006B5BDF /* ToastView.swift */; };
/* End PBXBuildFile section */

/* Begin PBXContainerItemProxy section */
		3CD087E52A667E2300853E15 /* PBXContainerItemProxy */ = {
			isa = PBXContainerItemProxy;
			containerPortal = 3CD087CC2A667E1D00853E15 /* Project object */;
			proxyType = 1;
			remoteGlobalIDString = 3CD087D32A667E1D00853E15;
			remoteInfo = Wordle;
		};
		3CD087EF2A667E2300853E15 /* PBXContainerItemProxy */ = {
			isa = PBXContainerItemProxy;
			containerPortal = 3CD087CC2A667E1D00853E15 /* Project object */;
			proxyType = 1;
			remoteGlobalIDString = 3CD087D32A667E1D00853E15;
			remoteInfo = Wordle;
		};
/* End PBXContainerItemProxy section */

/* Begin PBXFileReference section */
		3CA0A78F2A6AA89D00BDED97 /* Statistics.swift */ = {isa = PBXFileReference; lastKnownFileType = sourcecode.swift; path = Statistics.swift; sourceTree = "<group>"; };
		3CA0A7912A6AC1FD00BDED97 /* StatsView.swift */ = {isa = PBXFileReference; lastKnownFileType = sourcecode.swift; path = StatsView.swift; sourceTree = "<group>"; };
		3CB6131D2A67D96100A52E3C /* FlipView.swift */ = {isa = PBXFileReference; fileEncoding = 4; lastKnownFileType = sourcecode.swift; path = FlipView.swift; sourceTree = "<group>"; };
		3CD087D42A667E1D00853E15 /* Wordle.app */ = {isa = PBXFileReference; explicitFileType = wrapper.application; includeInIndex = 0; path = Wordle.app; sourceTree = BUILT_PRODUCTS_DIR; };
		3CD087D72A667E1D00853E15 /* WordleApp.swift */ = {isa = PBXFileReference; lastKnownFileType = sourcecode.swift; path = WordleApp.swift; sourceTree = "<group>"; };
		3CD087D92A667E1D00853E15 /* GameView.swift */ = {isa = PBXFileReference; lastKnownFileType = sourcecode.swift; path = GameView.swift; sourceTree = "<group>"; };
		3CD087DB2A667E2300853E15 /* Assets.xcassets */ = {isa = PBXFileReference; lastKnownFileType = folder.assetcatalog; path = Assets.xcassets; sourceTree = "<group>"; };
		3CD087DE2A667E2300853E15 /* Preview Assets.xcassets */ = {isa = PBXFileReference; lastKnownFileType = folder.assetcatalog; path = "Preview Assets.xcassets"; sourceTree = "<group>"; };
		3CD087E42A667E2300853E15 /* WordleTests.xctest */ = {isa = PBXFileReference; explicitFileType = wrapper.cfbundle; includeInIndex = 0; path = WordleTests.xctest; sourceTree = BUILT_PRODUCTS_DIR; };
		3CD087E82A667E2300853E15 /* WordleTests.swift */ = {isa = PBXFileReference; lastKnownFileType = sourcecode.swift; path = WordleTests.swift; sourceTree = "<group>"; };
		3CD087EE2A667E2300853E15 /* WordleUITests.xctest */ = {isa = PBXFileReference; explicitFileType = wrapper.cfbundle; includeInIndex = 0; path = WordleUITests.xctest; sourceTree = BUILT_PRODUCTS_DIR; };
		3CD087F22A667E2300853E15 /* WordleUITests.swift */ = {isa = PBXFileReference; lastKnownFileType = sourcecode.swift; path = WordleUITests.swift; sourceTree = "<group>"; };
		3CD087F42A667E2300853E15 /* WordleUITestsLaunchTests.swift */ = {isa = PBXFileReference; lastKnownFileType = sourcecode.swift; path = WordleUITestsLaunchTests.swift; sourceTree = "<group>"; };
		3CD088022A66810E00853E15 /* Color+Extension.swift */ = {isa = PBXFileReference; lastKnownFileType = sourcecode.swift; path = "Color+Extension.swift"; sourceTree = "<group>"; };
		3CD088052A66852300853E15 /* Guess.swift */ = {isa = PBXFileReference; lastKnownFileType = sourcecode.swift; path = Guess.swift; sourceTree = "<group>"; };
		3CD088082A66866C00853E15 /* GuessView.swift */ = {isa = PBXFileReference; lastKnownFileType = sourcecode.swift; path = GuessView.swift; sourceTree = "<group>"; };
		3CD0880B2A668BE100853E15 /* WordleDataModel.swift */ = {isa = PBXFileReference; lastKnownFileType = sourcecode.swift; path = WordleDataModel.swift; sourceTree = "<group>"; };
		3CD0880D2A668F3900853E15 /* Global.swift */ = {isa = PBXFileReference; lastKnownFileType = sourcecode.swift; path = Global.swift; sourceTree = "<group>"; };
		3CD0880F2A66991700853E15 /* LetterButtonView.swift */ = {isa = PBXFileReference; lastKnownFileType = sourcecode.swift; path = LetterButtonView.swift; sourceTree = "<group>"; };
		3CD088112A669AF800853E15 /* Keyboard.swift */ = {isa = PBXFileReference; lastKnownFileType = sourcecode.swift; path = Keyboard.swift; sourceTree = "<group>"; };
		3CD088142A66D01700853E15 /* Shake.swift */ = {isa = PBXFileReference; lastKnownFileType = sourcecode.swift; path = Shake.swift; sourceTree = "<group>"; };
		3CE1B5DB2A6E6E7D00D0EF06 /* ColorSchemeManager.swift */ = {isa = PBXFileReference; lastKnownFileType = sourcecode.swift; path = ColorSchemeManager.swift; sourceTree = "<group>"; };
		3CE1B5DD2A6E71F600D0EF06 /* SettingView.swift */ = {isa = PBXFileReference; lastKnownFileType = sourcecode.swift; path = SettingView.swift; sourceTree = "<group>"; };
		3CF872512A696896006B5BDF /* ToastView.swift */ = {isa = PBXFileReference; lastKnownFileType = sourcecode.swift; path = ToastView.swift; sourceTree = "<group>"; };
/* End PBXFileReference section */

/* Begin PBXFrameworksBuildPhase section */
		3CD087D12A667E1D00853E15 /* Frameworks */ = {
			isa = PBXFrameworksBuildPhase;
			buildActionMask = 2147483647;
			files = (
			);
			runOnlyForDeploymentPostprocessing = 0;
		};
		3CD087E12A667E2300853E15 /* Frameworks */ = {
			isa = PBXFrameworksBuildPhase;
			buildActionMask = 2147483647;
			files = (
			);
			runOnlyForDeploymentPostprocessing = 0;
		};
		3CD087EB2A667E2300853E15 /* Frameworks */ = {
			isa = PBXFrameworksBuildPhase;
			buildActionMask = 2147483647;
			files = (
			);
			runOnlyForDeploymentPostprocessing = 0;
		};
/* End PBXFrameworksBuildPhase section */

/* Begin PBXGroup section */
		3CD087CB2A667E1D00853E15 = {
			isa = PBXGroup;
			children = (
				3CD087D62A667E1D00853E15 /* Wordle */,
				3CD087E72A667E2300853E15 /* WordleTests */,
				3CD087F12A667E2300853E15 /* WordleUITests */,
				3CD087D52A667E1D00853E15 /* Products */,
			);
			sourceTree = "<group>";
		};
		3CD087D52A667E1D00853E15 /* Products */ = {
			isa = PBXGroup;
			children = (
				3CD087D42A667E1D00853E15 /* Wordle.app */,
				3CD087E42A667E2300853E15 /* WordleTests.xctest */,
				3CD087EE2A667E2300853E15 /* WordleUITests.xctest */,
			);
			name = Products;
			sourceTree = "<group>";
		};
		3CD087D62A667E1D00853E15 /* Wordle */ = {
			isa = PBXGroup;
			children = (
				3CD087D72A667E1D00853E15 /* WordleApp.swift */,
				3CD088072A66864900853E15 /* Views */,
				3CD0880A2A668BC400853E15 /* ViewModel */,
				3CD088042A66850700853E15 /* Models */,
				3CD088012A6680F200853E15 /* Extension */,
				3CD088132A66CFFE00853E15 /* Animation */,
				3CD087DB2A667E2300853E15 /* Assets.xcassets */,
				3CD087DD2A667E2300853E15 /* Preview Content */,
			);
			path = Wordle;
			sourceTree = "<group>";
		};
		3CD087DD2A667E2300853E15 /* Preview Content */ = {
			isa = PBXGroup;
			children = (
				3CD087DE2A667E2300853E15 /* Preview Assets.xcassets */,
			);
			path = "Preview Content";
			sourceTree = "<group>";
		};
		3CD087E72A667E2300853E15 /* WordleTests */ = {
			isa = PBXGroup;
			children = (
				3CD087E82A667E2300853E15 /* WordleTests.swift */,
			);
			path = WordleTests;
			sourceTree = "<group>";
		};
		3CD087F12A667E2300853E15 /* WordleUITests */ = {
			isa = PBXGroup;
			children = (
				3CD087F22A667E2300853E15 /* WordleUITests.swift */,
				3CD087F42A667E2300853E15 /* WordleUITestsLaunchTests.swift */,
			);
			path = WordleUITests;
			sourceTree = "<group>";
		};
		3CD088012A6680F200853E15 /* Extension */ = {
			isa = PBXGroup;
			children = (
				3CD088022A66810E00853E15 /* Color+Extension.swift */,
			);
			path = Extension;
			sourceTree = "<group>";
		};
		3CD088042A66850700853E15 /* Models */ = {
			isa = PBXGroup;
			children = (
				3CD088052A66852300853E15 /* Guess.swift */,
				3CD0880D2A668F3900853E15 /* Global.swift */,
				3CA0A78F2A6AA89D00BDED97 /* Statistics.swift */,
			);
			path = Models;
			sourceTree = "<group>";
		};
		3CD088072A66864900853E15 /* Views */ = {
			isa = PBXGroup;
			children = (
				3CD087D92A667E1D00853E15 /* GameView.swift */,
				3CD0880F2A66991700853E15 /* LetterButtonView.swift */,
				3CD088082A66866C00853E15 /* GuessView.swift */,
				3CD088112A669AF800853E15 /* Keyboard.swift */,
				3CF872512A696896006B5BDF /* ToastView.swift */,
				3CA0A7912A6AC1FD00BDED97 /* StatsView.swift */,
				3CE1B5DD2A6E71F600D0EF06 /* SettingView.swift */,
			);
			path = Views;
			sourceTree = "<group>";
		};
		3CD0880A2A668BC400853E15 /* ViewModel */ = {
			isa = PBXGroup;
			children = (
				3CD0880B2A668BE100853E15 /* WordleDataModel.swift */,
				3CE1B5DB2A6E6E7D00D0EF06 /* ColorSchemeManager.swift */,
			);
			path = ViewModel;
			sourceTree = "<group>";
		};
		3CD088132A66CFFE00853E15 /* Animation */ = {
			isa = PBXGroup;
			children = (
				3CB6131D2A67D96100A52E3C /* FlipView.swift */,
				3CD088142A66D01700853E15 /* Shake.swift */,
			);
			path = Animation;
			sourceTree = "<group>";
		};
/* End PBXGroup section */

/* Begin PBXNativeTarget section */
		3CD087D32A667E1D00853E15 /* Wordle */ = {
			isa = PBXNativeTarget;
			buildConfigurationList = 3CD087F82A667E2300853E15 /* Build configuration list for PBXNativeTarget "Wordle" */;
			buildPhases = (
				3CD087D02A667E1D00853E15 /* Sources */,
				3CD087D12A667E1D00853E15 /* Frameworks */,
				3CD087D22A667E1D00853E15 /* Resources */,
			);
			buildRules = (
			);
			dependencies = (
			);
			name = Wordle;
			productName = Wordle;
			productReference = 3CD087D42A667E1D00853E15 /* Wordle.app */;
			productType = "com.apple.product-type.application";
		};
		3CD087E32A667E2300853E15 /* WordleTests */ = {
			isa = PBXNativeTarget;
			buildConfigurationList = 3CD087FB2A667E2300853E15 /* Build configuration list for PBXNativeTarget "WordleTests" */;
			buildPhases = (
				3CD087E02A667E2300853E15 /* Sources */,
				3CD087E12A667E2300853E15 /* Frameworks */,
				3CD087E22A667E2300853E15 /* Resources */,
			);
			buildRules = (
			);
			dependencies = (
				3CD087E62A667E2300853E15 /* PBXTargetDependency */,
			);
			name = WordleTests;
			productName = WordleTests;
			productReference = 3CD087E42A667E2300853E15 /* WordleTests.xctest */;
			productType = "com.apple.product-type.bundle.unit-test";
		};
		3CD087ED2A667E2300853E15 /* WordleUITests */ = {
			isa = PBXNativeTarget;
			buildConfigurationList = 3CD087FE2A667E2300853E15 /* Build configuration list for PBXNativeTarget "WordleUITests" */;
			buildPhases = (
				3CD087EA2A667E2300853E15 /* Sources */,
				3CD087EB2A667E2300853E15 /* Frameworks */,
				3CD087EC2A667E2300853E15 /* Resources */,
			);
			buildRules = (
			);
			dependencies = (
				3CD087F02A667E2300853E15 /* PBXTargetDependency */,
			);
			name = WordleUITests;
			productName = WordleUITests;
			productReference = 3CD087EE2A667E2300853E15 /* WordleUITests.xctest */;
			productType = "com.apple.product-type.bundle.ui-testing";
		};
/* End PBXNativeTarget section */

/* Begin PBXProject section */
		3CD087CC2A667E1D00853E15 /* Project object */ = {
			isa = PBXProject;
			attributes = {
				BuildIndependentTargetsInParallel = 1;
				LastSwiftUpdateCheck = 1410;
				LastUpgradeCheck = 1410;
				TargetAttributes = {
					3CD087D32A667E1D00853E15 = {
						CreatedOnToolsVersion = 14.1;
					};
					3CD087E32A667E2300853E15 = {
						CreatedOnToolsVersion = 14.1;
						TestTargetID = 3CD087D32A667E1D00853E15;
					};
					3CD087ED2A667E2300853E15 = {
						CreatedOnToolsVersion = 14.1;
						TestTargetID = 3CD087D32A667E1D00853E15;
					};
				};
			};
			buildConfigurationList = 3CD087CF2A667E1D00853E15 /* Build configuration list for PBXProject "Wordle" */;
			compatibilityVersion = "Xcode 14.0";
			developmentRegion = en;
			hasScannedForEncodings = 0;
			knownRegions = (
				en,
				Base,
			);
			mainGroup = 3CD087CB2A667E1D00853E15;
			productRefGroup = 3CD087D52A667E1D00853E15 /* Products */;
			projectDirPath = "";
			projectRoot = "";
			targets = (
				3CD087D32A667E1D00853E15 /* Wordle */,
				3CD087E32A667E2300853E15 /* WordleTests */,
				3CD087ED2A667E2300853E15 /* WordleUITests */,
			);
		};
/* End PBXProject section */

/* Begin PBXResourcesBuildPhase section */
		3CD087D22A667E1D00853E15 /* Resources */ = {
			isa = PBXResourcesBuildPhase;
			buildActionMask = 2147483647;
			files = (
				3CD087DF2A667E2300853E15 /* Preview Assets.xcassets in Resources */,
				3CD087DC2A667E2300853E15 /* Assets.xcassets in Resources */,
			);
			runOnlyForDeploymentPostprocessing = 0;
		};
		3CD087E22A667E2300853E15 /* Resources */ = {
			isa = PBXResourcesBuildPhase;
			buildActionMask = 2147483647;
			files = (
			);
			runOnlyForDeploymentPostprocessing = 0;
		};
		3CD087EC2A667E2300853E15 /* Resources */ = {
			isa = PBXResourcesBuildPhase;
			buildActionMask = 2147483647;
			files = (
			);
			runOnlyForDeploymentPostprocessing = 0;
		};
/* End PBXResourcesBuildPhase section */

/* Begin PBXSourcesBuildPhase section */
		3CD087D02A667E1D00853E15 /* Sources */ = {
			isa = PBXSourcesBuildPhase;
			buildActionMask = 2147483647;
			files = (
				3CD088102A66991700853E15 /* LetterButtonView.swift in Sources */,
				3CB6131E2A67D96100A52E3C /* FlipView.swift in Sources */,
				3CD087DA2A667E1D00853E15 /* GameView.swift in Sources */,
				3CD088092A66866C00853E15 /* GuessView.swift in Sources */,
				3CF872522A696896006B5BDF /* ToastView.swift in Sources */,
				3CE1B5DE2A6E71F600D0EF06 /* SettingView.swift in Sources */,
				3CA0A7902A6AA89D00BDED97 /* Statistics.swift in Sources */,
				3CD088062A66852300853E15 /* Guess.swift in Sources */,
				3CD088122A669AF800853E15 /* Keyboard.swift in Sources */,
				3CD088032A66810E00853E15 /* Color+Extension.swift in Sources */,
				3CD088152A66D01800853E15 /* Shake.swift in Sources */,
				3CD0880C2A668BE100853E15 /* WordleDataModel.swift in Sources */,
				3CD087D82A667E1D00853E15 /* WordleApp.swift in Sources */,
				3CE1B5DC2A6E6E7D00D0EF06 /* ColorSchemeManager.swift in Sources */,
				3CA0A7922A6AC1FD00BDED97 /* StatsView.swift in Sources */,
				3CD0880E2A668F3900853E15 /* Global.swift in Sources */,
			);
			runOnlyForDeploymentPostprocessing = 0;
		};
		3CD087E02A667E2300853E15 /* Sources */ = {
			isa = PBXSourcesBuildPhase;
			buildActionMask = 2147483647;
			files = (
				3CD087E92A667E2300853E15 /* WordleTests.swift in Sources */,
			);
			runOnlyForDeploymentPostprocessing = 0;
		};
		3CD087EA2A667E2300853E15 /* Sources */ = {
			isa = PBXSourcesBuildPhase;
			buildActionMask = 2147483647;
			files = (
				3CD087F32A667E2300853E15 /* WordleUITests.swift in Sources */,
				3CD087F52A667E2300853E15 /* WordleUITestsLaunchTests.swift in Sources */,
			);
			runOnlyForDeploymentPostprocessing = 0;
		};
/* End PBXSourcesBuildPhase section */

/* Begin PBXTargetDependency section */
		3CD087E62A667E2300853E15 /* PBXTargetDependency */ = {
			isa = PBXTargetDependency;
			target = 3CD087D32A667E1D00853E15 /* Wordle */;
			targetProxy = 3CD087E52A667E2300853E15 /* PBXContainerItemProxy */;
		};
		3CD087F02A667E2300853E15 /* PBXTargetDependency */ = {
			isa = PBXTargetDependency;
			target = 3CD087D32A667E1D00853E15 /* Wordle */;
			targetProxy = 3CD087EF2A667E2300853E15 /* PBXContainerItemProxy */;
		};
/* End PBXTargetDependency section */

/* Begin XCBuildConfiguration section */
		3CD087F62A667E2300853E15 /* Debug */ = {
			isa = XCBuildConfiguration;
			buildSettings = {
				ALWAYS_SEARCH_USER_PATHS = NO;
				CLANG_ANALYZER_NONNULL = YES;
				CLANG_ANALYZER_NUMBER_OBJECT_CONVERSION = YES_AGGRESSIVE;
				CLANG_CXX_LANGUAGE_STANDARD = "gnu++20";
				CLANG_ENABLE_MODULES = YES;
				CLANG_ENABLE_OBJC_ARC = YES;
				CLANG_ENABLE_OBJC_WEAK = YES;
				CLANG_WARN_BLOCK_CAPTURE_AUTORELEASING = YES;
				CLANG_WARN_BOOL_CONVERSION = YES;
				CLANG_WARN_COMMA = YES;
				CLANG_WARN_CONSTANT_CONVERSION = YES;
				CLANG_WARN_DEPRECATED_OBJC_IMPLEMENTATIONS = YES;
				CLANG_WARN_DIRECT_OBJC_ISA_USAGE = YES_ERROR;
				CLANG_WARN_DOCUMENTATION_COMMENTS = YES;
				CLANG_WARN_EMPTY_BODY = YES;
				CLANG_WARN_ENUM_CONVERSION = YES;
				CLANG_WARN_INFINITE_RECURSION = YES;
				CLANG_WARN_INT_CONVERSION = YES;
				CLANG_WARN_NON_LITERAL_NULL_CONVERSION = YES;
				CLANG_WARN_OBJC_IMPLICIT_RETAIN_SELF = YES;
				CLANG_WARN_OBJC_LITERAL_CONVERSION = YES;
				CLANG_WARN_OBJC_ROOT_CLASS = YES_ERROR;
				CLANG_WARN_QUOTED_INCLUDE_IN_FRAMEWORK_HEADER = YES;
				CLANG_WARN_RANGE_LOOP_ANALYSIS = YES;
				CLANG_WARN_STRICT_PROTOTYPES = YES;
				CLANG_WARN_SUSPICIOUS_MOVE = YES;
				CLANG_WARN_UNGUARDED_AVAILABILITY = YES_AGGRESSIVE;
				CLANG_WARN_UNREACHABLE_CODE = YES;
				CLANG_WARN__DUPLICATE_METHOD_MATCH = YES;
				COPY_PHASE_STRIP = NO;
				DEBUG_INFORMATION_FORMAT = dwarf;
				ENABLE_STRICT_OBJC_MSGSEND = YES;
				ENABLE_TESTABILITY = YES;
				GCC_C_LANGUAGE_STANDARD = gnu11;
				GCC_DYNAMIC_NO_PIC = NO;
				GCC_NO_COMMON_BLOCKS = YES;
				GCC_OPTIMIZATION_LEVEL = 0;
				GCC_PREPROCESSOR_DEFINITIONS = (
					"DEBUG=1",
					"$(inherited)",
				);
				GCC_WARN_64_TO_32_BIT_CONVERSION = YES;
				GCC_WARN_ABOUT_RETURN_TYPE = YES_ERROR;
				GCC_WARN_UNDECLARED_SELECTOR = YES;
				GCC_WARN_UNINITIALIZED_AUTOS = YES_AGGRESSIVE;
				GCC_WARN_UNUSED_FUNCTION = YES;
				GCC_WARN_UNUSED_VARIABLE = YES;
				IPHONEOS_DEPLOYMENT_TARGET = 16.1;
				MTL_ENABLE_DEBUG_INFO = INCLUDE_SOURCE;
				MTL_FAST_MATH = YES;
				ONLY_ACTIVE_ARCH = YES;
				SDKROOT = iphoneos;
				SWIFT_ACTIVE_COMPILATION_CONDITIONS = DEBUG;
				SWIFT_OPTIMIZATION_LEVEL = "-Onone";
			};
			name = Debug;
		};
		3CD087F72A667E2300853E15 /* Release */ = {
			isa = XCBuildConfiguration;
			buildSettings = {
				ALWAYS_SEARCH_USER_PATHS = NO;
				CLANG_ANALYZER_NONNULL = YES;
				CLANG_ANALYZER_NUMBER_OBJECT_CONVERSION = YES_AGGRESSIVE;
				CLANG_CXX_LANGUAGE_STANDARD = "gnu++20";
				CLANG_ENABLE_MODULES = YES;
				CLANG_ENABLE_OBJC_ARC = YES;
				CLANG_ENABLE_OBJC_WEAK = YES;
				CLANG_WARN_BLOCK_CAPTURE_AUTORELEASING = YES;
				CLANG_WARN_BOOL_CONVERSION = YES;
				CLANG_WARN_COMMA = YES;
				CLANG_WARN_CONSTANT_CONVERSION = YES;
				CLANG_WARN_DEPRECATED_OBJC_IMPLEMENTATIONS = YES;
				CLANG_WARN_DIRECT_OBJC_ISA_USAGE = YES_ERROR;
				CLANG_WARN_DOCUMENTATION_COMMENTS = YES;
				CLANG_WARN_EMPTY_BODY = YES;
				CLANG_WARN_ENUM_CONVERSION = YES;
				CLANG_WARN_INFINITE_RECURSION = YES;
				CLANG_WARN_INT_CONVERSION = YES;
				CLANG_WARN_NON_LITERAL_NULL_CONVERSION = YES;
				CLANG_WARN_OBJC_IMPLICIT_RETAIN_SELF = YES;
				CLANG_WARN_OBJC_LITERAL_CONVERSION = YES;
				CLANG_WARN_OBJC_ROOT_CLASS = YES_ERROR;
				CLANG_WARN_QUOTED_INCLUDE_IN_FRAMEWORK_HEADER = YES;
				CLANG_WARN_RANGE_LOOP_ANALYSIS = YES;
				CLANG_WARN_STRICT_PROTOTYPES = YES;
				CLANG_WARN_SUSPICIOUS_MOVE = YES;
				CLANG_WARN_UNGUARDED_AVAILABILITY = YES_AGGRESSIVE;
				CLANG_WARN_UNREACHABLE_CODE = YES;
				CLANG_WARN__DUPLICATE_METHOD_MATCH = YES;
				COPY_PHASE_STRIP = NO;
				DEBUG_INFORMATION_FORMAT = "dwarf-with-dsym";
				ENABLE_NS_ASSERTIONS = NO;
				ENABLE_STRICT_OBJC_MSGSEND = YES;
				GCC_C_LANGUAGE_STANDARD = gnu11;
				GCC_NO_COMMON_BLOCKS = YES;
				GCC_WARN_64_TO_32_BIT_CONVERSION = YES;
				GCC_WARN_ABOUT_RETURN_TYPE = YES_ERROR;
				GCC_WARN_UNDECLARED_SELECTOR = YES;
				GCC_WARN_UNINITIALIZED_AUTOS = YES_AGGRESSIVE;
				GCC_WARN_UNUSED_FUNCTION = YES;
				GCC_WARN_UNUSED_VARIABLE = YES;
				IPHONEOS_DEPLOYMENT_TARGET = 16.1;
				MTL_ENABLE_DEBUG_INFO = NO;
				MTL_FAST_MATH = YES;
				SDKROOT = iphoneos;
				SWIFT_COMPILATION_MODE = wholemodule;
				SWIFT_OPTIMIZATION_LEVEL = "-O";
				VALIDATE_PRODUCT = YES;
			};
			name = Release;
		};
		3CD087F92A667E2300853E15 /* Debug */ = {
			isa = XCBuildConfiguration;
			buildSettings = {
				ASSETCATALOG_COMPILER_APPICON_NAME = AppIcon;
				ASSETCATALOG_COMPILER_GLOBAL_ACCENT_COLOR_NAME = AccentColor;
				"CODE_SIGN_IDENTITY[sdk=iphoneos*]" = "iPhone Developer";
				CODE_SIGN_STYLE = Manual;
				CURRENT_PROJECT_VERSION = 1;
				DEVELOPMENT_ASSET_PATHS = "\"Wordle/Preview Content\"";
				DEVELOPMENT_TEAM = "";
				"DEVELOPMENT_TEAM[sdk=iphoneos*]" = W2D42WS9V4;
				ENABLE_PREVIEWS = YES;
				GENERATE_INFOPLIST_FILE = YES;
				INFOPLIST_KEY_UIApplicationSceneManifest_Generation = YES;
				INFOPLIST_KEY_UIApplicationSupportsIndirectInputEvents = YES;
				INFOPLIST_KEY_UILaunchScreen_Generation = YES;
				INFOPLIST_KEY_UIRequiresFullScreen = YES;
				INFOPLIST_KEY_UISupportedInterfaceOrientations_iPad = "UIInterfaceOrientationPortrait UIInterfaceOrientationPortraitUpsideDown UIInterfaceOrientationLandscapeLeft UIInterfaceOrientationLandscapeRight";
				INFOPLIST_KEY_UISupportedInterfaceOrientations_iPhone = UIInterfaceOrientationPortrait;
				LD_RUNPATH_SEARCH_PATHS = (
					"$(inherited)",
					"@executable_path/Frameworks",
				);
				MARKETING_VERSION = 1.0;
				PRODUCT_BUNDLE_IDENTIFIER = com.cubix.Wordle;
				PRODUCT_NAME = "$(TARGET_NAME)";
				PROVISIONING_PROFILE_SPECIFIER = "";
				"PROVISIONING_PROFILE_SPECIFIER[sdk=iphoneos*]" = "Cubix Global LLC development";
				SWIFT_EMIT_LOC_STRINGS = YES;
				SWIFT_VERSION = 5.0;
				TARGETED_DEVICE_FAMILY = "1,2";
			};
			name = Debug;
		};
		3CD087FA2A667E2300853E15 /* Release */ = {
			isa = XCBuildConfiguration;
			buildSettings = {
				ASSETCATALOG_COMPILER_APPICON_NAME = AppIcon;
				ASSETCATALOG_COMPILER_GLOBAL_ACCENT_COLOR_NAME = AccentColor;
				"CODE_SIGN_IDENTITY[sdk=iphoneos*]" = "iPhone Developer";
				CODE_SIGN_STYLE = Manual;
				CURRENT_PROJECT_VERSION = 1;
				DEVELOPMENT_ASSET_PATHS = "\"Wordle/Preview Content\"";
				DEVELOPMENT_TEAM = "";
				"DEVELOPMENT_TEAM[sdk=iphoneos*]" = W2D42WS9V4;
				ENABLE_PREVIEWS = YES;
				GENERATE_INFOPLIST_FILE = YES;
				INFOPLIST_KEY_UIApplicationSceneManifest_Generation = YES;
				INFOPLIST_KEY_UIApplicationSupportsIndirectInputEvents = YES;
				INFOPLIST_KEY_UILaunchScreen_Generation = YES;
				INFOPLIST_KEY_UIRequiresFullScreen = YES;
				INFOPLIST_KEY_UISupportedInterfaceOrientations_iPad = "UIInterfaceOrientationPortrait UIInterfaceOrientationPortraitUpsideDown UIInterfaceOrientationLandscapeLeft UIInterfaceOrientationLandscapeRight";
				INFOPLIST_KEY_UISupportedInterfaceOrientations_iPhone = UIInterfaceOrientationPortrait;
				LD_RUNPATH_SEARCH_PATHS = (
					"$(inherited)",
					"@executable_path/Frameworks",
				);
				MARKETING_VERSION = 1.0;
				PRODUCT_BUNDLE_IDENTIFIER = com.cubix.Wordle;
				PRODUCT_NAME = "$(TARGET_NAME)";
				PROVISIONING_PROFILE_SPECIFIER = "";
				"PROVISIONING_PROFILE_SPECIFIER[sdk=iphoneos*]" = "Cubix Global LLC development";
				SWIFT_EMIT_LOC_STRINGS = YES;
				SWIFT_VERSION = 5.0;
				TARGETED_DEVICE_FAMILY = "1,2";
			};
			name = Release;
		};
		3CD087FC2A667E2300853E15 /* Debug */ = {
			isa = XCBuildConfiguration;
			buildSettings = {
				ALWAYS_EMBED_SWIFT_STANDARD_LIBRARIES = YES;
				BUNDLE_LOADER = "$(TEST_HOST)";
				CODE_SIGN_STYLE = Automatic;
				CURRENT_PROJECT_VERSION = 1;
				DEVELOPMENT_TEAM = B8677HC9HV;
				GENERATE_INFOPLIST_FILE = YES;
				IPHONEOS_DEPLOYMENT_TARGET = 16.1;
				MARKETING_VERSION = 1.0;
				PRODUCT_BUNDLE_IDENTIFIER = cubix.com.WordleTests;
				PRODUCT_NAME = "$(TARGET_NAME)";
				SWIFT_EMIT_LOC_STRINGS = NO;
				SWIFT_VERSION = 5.0;
				TARGETED_DEVICE_FAMILY = "1,2";
				TEST_HOST = "$(BUILT_PRODUCTS_DIR)/Wordle.app/$(BUNDLE_EXECUTABLE_FOLDER_PATH)/Wordle";
			};
			name = Debug;
		};
		3CD087FD2A667E2300853E15 /* Release */ = {
			isa = XCBuildConfiguration;
			buildSettings = {
				ALWAYS_EMBED_SWIFT_STANDARD_LIBRARIES = YES;
				BUNDLE_LOADER = "$(TEST_HOST)";
				CODE_SIGN_STYLE = Automatic;
				CURRENT_PROJECT_VERSION = 1;
				DEVELOPMENT_TEAM = B8677HC9HV;
				GENERATE_INFOPLIST_FILE = YES;
				IPHONEOS_DEPLOYMENT_TARGET = 16.1;
				MARKETING_VERSION = 1.0;
				PRODUCT_BUNDLE_IDENTIFIER = cubix.com.WordleTests;
				PRODUCT_NAME = "$(TARGET_NAME)";
				SWIFT_EMIT_LOC_STRINGS = NO;
				SWIFT_VERSION = 5.0;
				TARGETED_DEVICE_FAMILY = "1,2";
				TEST_HOST = "$(BUILT_PRODUCTS_DIR)/Wordle.app/$(BUNDLE_EXECUTABLE_FOLDER_PATH)/Wordle";
			};
			name = Release;
		};
		3CD087FF2A667E2300853E15 /* Debug */ = {
			isa = XCBuildConfiguration;
			buildSettings = {
				ALWAYS_EMBED_SWIFT_STANDARD_LIBRARIES = YES;
				CODE_SIGN_STYLE = Automatic;
				CURRENT_PROJECT_VERSION = 1;
				DEVELOPMENT_TEAM = B8677HC9HV;
				GENERATE_INFOPLIST_FILE = YES;
				MARKETING_VERSION = 1.0;
				PRODUCT_BUNDLE_IDENTIFIER = cubix.com.WordleUITests;
				PRODUCT_NAME = "$(TARGET_NAME)";
				SWIFT_EMIT_LOC_STRINGS = NO;
				SWIFT_VERSION = 5.0;
				TARGETED_DEVICE_FAMILY = "1,2";
				TEST_TARGET_NAME = Wordle;
			};
			name = Debug;
		};
		3CD088002A667E2300853E15 /* Release */ = {
			isa = XCBuildConfiguration;
			buildSettings = {
				ALWAYS_EMBED_SWIFT_STANDARD_LIBRARIES = YES;
				CODE_SIGN_STYLE = Automatic;
				CURRENT_PROJECT_VERSION = 1;
				DEVELOPMENT_TEAM = B8677HC9HV;
				GENERATE_INFOPLIST_FILE = YES;
				MARKETING_VERSION = 1.0;
				PRODUCT_BUNDLE_IDENTIFIER = cubix.com.WordleUITests;
				PRODUCT_NAME = "$(TARGET_NAME)";
				SWIFT_EMIT_LOC_STRINGS = NO;
				SWIFT_VERSION = 5.0;
				TARGETED_DEVICE_FAMILY = "1,2";
				TEST_TARGET_NAME = Wordle;
			};
			name = Release;
		};
/* End XCBuildConfiguration section */

/* Begin XCConfigurationList section */
		3CD087CF2A667E1D00853E15 /* Build configuration list for PBXProject "Wordle" */ = {
			isa = XCConfigurationList;
			buildConfigurations = (
				3CD087F62A667E2300853E15 /* Debug */,
				3CD087F72A667E2300853E15 /* Release */,
			);
			defaultConfigurationIsVisible = 0;
			defaultConfigurationName = Release;
		};
		3CD087F82A667E2300853E15 /* Build configuration list for PBXNativeTarget "Wordle" */ = {
			isa = XCConfigurationList;
			buildConfigurations = (
				3CD087F92A667E2300853E15 /* Debug */,
				3CD087FA2A667E2300853E15 /* Release */,
			);
			defaultConfigurationIsVisible = 0;
			defaultConfigurationName = Release;
		};
		3CD087FB2A667E2300853E15 /* Build configuration list for PBXNativeTarget "WordleTests" */ = {
			isa = XCConfigurationList;
			buildConfigurations = (
				3CD087FC2A667E2300853E15 /* Debug */,
				3CD087FD2A667E2300853E15 /* Release */,
			);
			defaultConfigurationIsVisible = 0;
			defaultConfigurationName = Release;
		};
		3CD087FE2A667E2300853E15 /* Build configuration list for PBXNativeTarget "WordleUITests" */ = {
			isa = XCConfigurationList;
			buildConfigurations = (
				3CD087FF2A667E2300853E15 /* Debug */,
				3CD088002A667E2300853E15 /* Release */,
			);
			defaultConfigurationIsVisible = 0;
			defaultConfigurationName = Release;
		};
/* End XCConfigurationList section */
	};
	rootObject = 3CD087CC2A667E1D00853E15 /* Project object */;
}
